// !$*UTF8*$!
{
	archiveVersion = 1;
	classes = {
	};
	objectVersion = 46;
	objects = {

/* Begin PBXBuildFile section */
		8C2325E81F15588C00043466 /* main.m in Sources */ = {isa = PBXBuildFile; fileRef = 8C2325E71F15588C00043466 /* main.m */; };
		8C2325EB1F15588C00043466 /* AppDelegate.m in Sources */ = {isa = PBXBuildFile; fileRef = 8C2325EA1F15588C00043466 /* AppDelegate.m */; };
		8C2325EE1F15588C00043466 /* ViewController.m in Sources */ = {isa = PBXBuildFile; fileRef = 8C2325ED1F15588C00043466 /* ViewController.m */; };
		8C2325F11F15588C00043466 /* Main.storyboard in Resources */ = {isa = PBXBuildFile; fileRef = 8C2325EF1F15588C00043466 /* Main.storyboard */; };
		8C2325F31F15588C00043466 /* Assets.xcassets in Resources */ = {isa = PBXBuildFile; fileRef = 8C2325F21F15588C00043466 /* Assets.xcassets */; };
		8C2325F61F15588C00043466 /* LaunchScreen.storyboard in Resources */ = {isa = PBXBuildFile; fileRef = 8C2325F41F15588C00043466 /* LaunchScreen.storyboard */; };
		8C2326011F15588D00043466 /* PeerReview10Tests.m in Sources */ = {isa = PBXBuildFile; fileRef = 8C2326001F15588D00043466 /* PeerReview10Tests.m */; };
		8C23260C1F15588D00043466 /* PeerReview10UITests.m in Sources */ = {isa = PBXBuildFile; fileRef = 8C23260B1F15588D00043466 /* PeerReview10UITests.m */; };
/* End PBXBuildFile section */

/* Begin PBXContainerItemProxy section */
		8C2325FD1F15588D00043466 /* PBXContainerItemProxy */ = {
			isa = PBXContainerItemProxy;
			containerPortal = 8C2325DB1F15588C00043466 /* Project object */;
			proxyType = 1;
			remoteGlobalIDString = 8C2325E21F15588C00043466;
			remoteInfo = PeerReview10;
		};
		8C2326081F15588D00043466 /* PBXContainerItemProxy */ = {
			isa = PBXContainerItemProxy;
			containerPortal = 8C2325DB1F15588C00043466 /* Project object */;
			proxyType = 1;
			remoteGlobalIDString = 8C2325E21F15588C00043466;
			remoteInfo = PeerReview10;
		};
/* End PBXContainerItemProxy section */

/* Begin PBXFileReference section */
		8C2325E31F15588C00043466 /* PeerReview10.app */ = {isa = PBXFileReference; explicitFileType = wrapper.application; includeInIndex = 0; path = PeerReview10.app; sourceTree = BUILT_PRODUCTS_DIR; };
		8C2325E71F15588C00043466 /* main.m */ = {isa = PBXFileReference; lastKnownFileType = sourcecode.c.objc; path = main.m; sourceTree = "<group>"; };
		8C2325E91F15588C00043466 /* AppDelegate.h */ = {isa = PBXFileReference; lastKnownFileType = sourcecode.c.h; path = AppDelegate.h; sourceTree = "<group>"; };
		8C2325EA1F15588C00043466 /* AppDelegate.m */ = {isa = PBXFileReference; lastKnownFileType = sourcecode.c.objc; path = AppDelegate.m; sourceTree = "<group>"; };
		8C2325EC1F15588C00043466 /* ViewController.h */ = {isa = PBXFileReference; lastKnownFileType = sourcecode.c.h; path = ViewController.h; sourceTree = "<group>"; };
		8C2325ED1F15588C00043466 /* ViewController.m */ = {isa = PBXFileReference; lastKnownFileType = sourcecode.c.objc; path = ViewController.m; sourceTree = "<group>"; };
		8C2325F01F15588C00043466 /* Base */ = {isa = PBXFileReference; lastKnownFileType = file.storyboard; name = Base; path = Base.lproj/Main.storyboard; sourceTree = "<group>"; };
		8C2325F21F15588C00043466 /* Assets.xcassets */ = {isa = PBXFileReference; lastKnownFileType = folder.assetcatalog; path = Assets.xcassets; sourceTree = "<group>"; };
		8C2325F51F15588C00043466 /* Base */ = {isa = PBXFileReference; lastKnownFileType = file.storyboard; name = Base; path = Base.lproj/LaunchScreen.storyboard; sourceTree = "<group>"; };
		8C2325F71F15588C00043466 /* Info.plist */ = {isa = PBXFileReference; lastKnownFileType = text.plist.xml; path = Info.plist; sourceTree = "<group>"; };
		8C2325FC1F15588D00043466 /* PeerReview10Tests.xctest */ = {isa = PBXFileReference; explicitFileType = wrapper.cfbundle; includeInIndex = 0; path = PeerReview10Tests.xctest; sourceTree = BUILT_PRODUCTS_DIR; };
		8C2326001F15588D00043466 /* PeerReview10Tests.m */ = {isa = PBXFileReference; lastKnownFileType = sourcecode.c.objc; path = PeerReview10Tests.m; sourceTree = "<group>"; };
		8C2326021F15588D00043466 /* Info.plist */ = {isa = PBXFileReference; lastKnownFileType = text.plist.xml; path = Info.plist; sourceTree = "<group>"; };
		8C2326071F15588D00043466 /* PeerReview10UITests.xctest */ = {isa = PBXFileReference; explicitFileType = wrapper.cfbundle; includeInIndex = 0; path = PeerReview10UITests.xctest; sourceTree = BUILT_PRODUCTS_DIR; };
		8C23260B1F15588D00043466 /* PeerReview10UITests.m */ = {isa = PBXFileReference; lastKnownFileType = sourcecode.c.objc; path = PeerReview10UITests.m; sourceTree = "<group>"; };
		8C23260D1F15588D00043466 /* Info.plist */ = {isa = PBXFileReference; lastKnownFileType = text.plist.xml; path = Info.plist; sourceTree = "<group>"; };
/* End PBXFileReference section */

/* Begin PBXFrameworksBuildPhase section */
		8C2325E01F15588C00043466 /* Frameworks */ = {
			isa = PBXFrameworksBuildPhase;
			buildActionMask = 2147483647;
			files = (
			);
			runOnlyForDeploymentPostprocessing = 0;
		};
		8C2325F91F15588D00043466 /* Frameworks */ = {
			isa = PBXFrameworksBuildPhase;
			buildActionMask = 2147483647;
			files = (
			);
			runOnlyForDeploymentPostprocessing = 0;
		};
		8C2326041F15588D00043466 /* Frameworks */ = {
			isa = PBXFrameworksBuildPhase;
			buildActionMask = 2147483647;
			files = (
			);
			runOnlyForDeploymentPostprocessing = 0;
		};
/* End PBXFrameworksBuildPhase section */

/* Begin PBXGroup section */
		8C2325DA1F15588C00043466 = {
			isa = PBXGroup;
			children = (
				8C2325E51F15588C00043466 /* PeerReview10 */,
				8C2325FF1F15588D00043466 /* PeerReview10Tests */,
				8C23260A1F15588D00043466 /* PeerReview10UITests */,
				8C2325E41F15588C00043466 /* Products */,
			);
			sourceTree = "<group>";
		};
		8C2325E41F15588C00043466 /* Products */ = {
			isa = PBXGroup;
			children = (
				8C2325E31F15588C00043466 /* PeerReview10.app */,
				8C2325FC1F15588D00043466 /* PeerReview10Tests.xctest */,
				8C2326071F15588D00043466 /* PeerReview10UITests.xctest */,
			);
			name = Products;
			sourceTree = "<group>";
		};
		8C2325E51F15588C00043466 /* PeerReview10 */ = {
			isa = PBXGroup;
			children = (
				8C2325E91F15588C00043466 /* AppDelegate.h */,
				8C2325EA1F15588C00043466 /* AppDelegate.m */,
				8C2325EC1F15588C00043466 /* ViewController.h */,
				8C2325ED1F15588C00043466 /* ViewController.m */,
				8C2325EF1F15588C00043466 /* Main.storyboard */,
				8C2325F21F15588C00043466 /* Assets.xcassets */,
				8C2325F41F15588C00043466 /* LaunchScreen.storyboard */,
				8C2325F71F15588C00043466 /* Info.plist */,
				8C2325E61F15588C00043466 /* Supporting Files */,
			);
			path = PeerReview10;
			sourceTree = "<group>";
		};
		8C2325E61F15588C00043466 /* Supporting Files */ = {
			isa = PBXGroup;
			children = (
				8C2325E71F15588C00043466 /* main.m */,
			);
			name = "Supporting Files";
			sourceTree = "<group>";
		};
		8C2325FF1F15588D00043466 /* PeerReview10Tests */ = {
			isa = PBXGroup;
			children = (
				8C2326001F15588D00043466 /* PeerReview10Tests.m */,
				8C2326021F15588D00043466 /* Info.plist */,
			);
			path = PeerReview10Tests;
			sourceTree = "<group>";
		};
		8C23260A1F15588D00043466 /* PeerReview10UITests */ = {
			isa = PBXGroup;
			children = (
				8C23260B1F15588D00043466 /* PeerReview10UITests.m */,
				8C23260D1F15588D00043466 /* Info.plist */,
			);
			path = PeerReview10UITests;
			sourceTree = "<group>";
		};
/* End PBXGroup section */

/* Begin PBXNativeTarget section */
		8C2325E21F15588C00043466 /* PeerReview10 */ = {
			isa = PBXNativeTarget;
			buildConfigurationList = 8C2326101F15588D00043466 /* Build configuration list for PBXNativeTarget "PeerReview10" */;
			buildPhases = (
				8C2325DF1F15588C00043466 /* Sources */,
				8C2325E01F15588C00043466 /* Frameworks */,
				8C2325E11F15588C00043466 /* Resources */,
			);
			buildRules = (
			);
			dependencies = (
			);
			name = PeerReview10;
			productName = PeerReview10;
			productReference = 8C2325E31F15588C00043466 /* PeerReview10.app */;
			productType = "com.apple.product-type.application";
		};
		8C2325FB1F15588D00043466 /* PeerReview10Tests */ = {
			isa = PBXNativeTarget;
			buildConfigurationList = 8C2326131F15588D00043466 /* Build configuration list for PBXNativeTarget "PeerReview10Tests" */;
			buildPhases = (
				8C2325F81F15588D00043466 /* Sources */,
				8C2325F91F15588D00043466 /* Frameworks */,
				8C2325FA1F15588D00043466 /* Resources */,
			);
			buildRules = (
			);
			dependencies = (
				8C2325FE1F15588D00043466 /* PBXTargetDependency */,
			);
			name = PeerReview10Tests;
			productName = PeerReview10Tests;
			productReference = 8C2325FC1F15588D00043466 /* PeerReview10Tests.xctest */;
			productType = "com.apple.product-type.bundle.unit-test";
		};
		8C2326061F15588D00043466 /* PeerReview10UITests */ = {
			isa = PBXNativeTarget;
			buildConfigurationList = 8C2326161F15588D00043466 /* Build configuration list for PBXNativeTarget "PeerReview10UITests" */;
			buildPhases = (
				8C2326031F15588D00043466 /* Sources */,
				8C2326041F15588D00043466 /* Frameworks */,
				8C2326051F15588D00043466 /* Resources */,
			);
			buildRules = (
			);
			dependencies = (
				8C2326091F15588D00043466 /* PBXTargetDependency */,
			);
			name = PeerReview10UITests;
			productName = PeerReview10UITests;
			productReference = 8C2326071F15588D00043466 /* PeerReview10UITests.xctest */;
			productType = "com.apple.product-type.bundle.ui-testing";
		};
/* End PBXNativeTarget section */

/* Begin PBXProject section */
		8C2325DB1F15588C00043466 /* Project object */ = {
			isa = PBXProject;
			attributes = {
				LastUpgradeCheck = 0830;
				ORGANIZATIONNAME = "Ananta Shahane";
				TargetAttributes = {
					8C2325E21F15588C00043466 = {
						CreatedOnToolsVersion = 8.3.3;
						ProvisioningStyle = Automatic;
					};
					8C2325FB1F15588D00043466 = {
						CreatedOnToolsVersion = 8.3.3;
						ProvisioningStyle = Automatic;
						TestTargetID = 8C2325E21F15588C00043466;
					};
					8C2326061F15588D00043466 = {
						CreatedOnToolsVersion = 8.3.3;
						ProvisioningStyle = Automatic;
						TestTargetID = 8C2325E21F15588C00043466;
					};
				};
			};
			buildConfigurationList = 8C2325DE1F15588C00043466 /* Build configuration list for PBXProject "PeerReview10" */;
			compatibilityVersion = "Xcode 3.2";
			developmentRegion = English;
			hasScannedForEncodings = 0;
			knownRegions = (
				en,
				Base,
			);
			mainGroup = 8C2325DA1F15588C00043466;
			productRefGroup = 8C2325E41F15588C00043466 /* Products */;
			projectDirPath = "";
			projectRoot = "";
			targets = (
				8C2325E21F15588C00043466 /* PeerReview10 */,
				8C2325FB1F15588D00043466 /* PeerReview10Tests */,
				8C2326061F15588D00043466 /* PeerReview10UITests */,
			);
		};
/* End PBXProject section */

/* Begin PBXResourcesBuildPhase section */
		8C2325E11F15588C00043466 /* Resources */ = {
			isa = PBXResourcesBuildPhase;
			buildActionMask = 2147483647;
			files = (
				8C2325F61F15588C00043466 /* LaunchScreen.storyboard in Resources */,
				8C2325F31F15588C00043466 /* Assets.xcassets in Resources */,
				8C2325F11F15588C00043466 /* Main.storyboard in Resources */,
			);
			runOnlyForDeploymentPostprocessing = 0;
		};
		8C2325FA1F15588D00043466 /* Resources */ = {
			isa = PBXResourcesBuildPhase;
			buildActionMask = 2147483647;
			files = (
			);
			runOnlyForDeploymentPostprocessing = 0;
		};
		8C2326051F15588D00043466 /* Resources */ = {
			isa = PBXResourcesBuildPhase;
			buildActionMask = 2147483647;
			files = (
			);
			runOnlyForDeploymentPostprocessing = 0;
		};
/* End PBXResourcesBuildPhase section */

/* Begin PBXSourcesBuildPhase section */
		8C2325DF1F15588C00043466 /* Sources */ = {
			isa = PBXSourcesBuildPhase;
			buildActionMask = 2147483647;
			files = (
				8C2325EE1F15588C00043466 /* ViewController.m in Sources */,
				8C2325EB1F15588C00043466 /* AppDelegate.m in Sources */,
				8C2325E81F15588C00043466 /* main.m in Sources */,
			);
			runOnlyForDeploymentPostprocessing = 0;
		};
		8C2325F81F15588D00043466 /* Sources */ = {
			isa = PBXSourcesBuildPhase;
			buildActionMask = 2147483647;
			files = (
				8C2326011F15588D00043466 /* PeerReview10Tests.m in Sources */,
			);
			runOnlyForDeploymentPostprocessing = 0;
		};
		8C2326031F15588D00043466 /* Sources */ = {
			isa = PBXSourcesBuildPhase;
			buildActionMask = 2147483647;
			files = (
				8C23260C1F15588D00043466 /* PeerReview10UITests.m in Sources */,
			);
			runOnlyForDeploymentPostprocessing = 0;
		};
/* End PBXSourcesBuildPhase section */

/* Begin PBXTargetDependency section */
		8C2325FE1F15588D00043466 /* PBXTargetDependency */ = {
			isa = PBXTargetDependency;
			target = 8C2325E21F15588C00043466 /* PeerReview10 */;
			targetProxy = 8C2325FD1F15588D00043466 /* PBXContainerItemProxy */;
		};
		8C2326091F15588D00043466 /* PBXTargetDependency */ = {
			isa = PBXTargetDependency;
			target = 8C2325E21F15588C00043466 /* PeerReview10 */;
			targetProxy = 8C2326081F15588D00043466 /* PBXContainerItemProxy */;
		};
/* End PBXTargetDependency section */

/* Begin PBXVariantGroup section */
		8C2325EF1F15588C00043466 /* Main.storyboard */ = {
			isa = PBXVariantGroup;
			children = (
				8C2325F01F15588C00043466 /* Base */,
			);
			name = Main.storyboard;
			sourceTree = "<group>";
		};
		8C2325F41F15588C00043466 /* LaunchScreen.storyboard */ = {
			isa = PBXVariantGroup;
			children = (
				8C2325F51F15588C00043466 /* Base */,
			);
			name = LaunchScreen.storyboard;
			sourceTree = "<group>";
		};
/* End PBXVariantGroup section */

/* Begin XCBuildConfiguration section */
		8C23260E1F15588D00043466 /* Debug */ = {
			isa = XCBuildConfiguration;
			buildSettings = {
				ALWAYS_SEARCH_USER_PATHS = NO;
				CLANG_ANALYZER_NONNULL = YES;
				CLANG_ANALYZER_NUMBER_OBJECT_CONVERSION = YES_AGGRESSIVE;
				CLANG_CXX_LANGUAGE_STANDARD = "gnu++0x";
				CLANG_CXX_LIBRARY = "libc++";
				CLANG_ENABLE_MODULES = YES;
				CLANG_ENABLE_OBJC_ARC = YES;
				CLANG_WARN_BOOL_CONVERSION = YES;
				CLANG_WARN_CONSTANT_CONVERSION = YES;
				CLANG_WARN_DIRECT_OBJC_ISA_USAGE = YES_ERROR;
				CLANG_WARN_DOCUMENTATION_COMMENTS = YES;
				CLANG_WARN_EMPTY_BODY = YES;
				CLANG_WARN_ENUM_CONVERSION = YES;
				CLANG_WARN_INFINITE_RECURSION = YES;
				CLANG_WARN_INT_CONVERSION = YES;
				CLANG_WARN_OBJC_ROOT_CLASS = YES_ERROR;
				CLANG_WARN_SUSPICIOUS_MOVE = YES;
				CLANG_WARN_UNREACHABLE_CODE = YES;
				CLANG_WARN__DUPLICATE_METHOD_MATCH = YES;
				"CODE_SIGN_IDENTITY[sdk=iphoneos*]" = "iPhone Developer";
				COPY_PHASE_STRIP = NO;
				DEBUG_INFORMATION_FORMAT = dwarf;
				ENABLE_STRICT_OBJC_MSGSEND = YES;
				ENABLE_TESTABILITY = YES;
				GCC_C_LANGUAGE_STANDARD = gnu99;
				GCC_DYNAMIC_NO_PIC = NO;
				GCC_NO_COMMON_BLOCKS = YES;
				GCC_OPTIMIZATION_LEVEL = 0;
				GCC_PREPROCESSOR_DEFINITIONS = (
					"DEBUG=1",
					"$(inherited)",
				);
				GCC_WARN_64_TO_32_BIT_CONVERSION = YES;
				GCC_WARN_ABOUT_RETURN_TYPE = YES_ERROR;
				GCC_WARN_UNDECLARED_SELECTOR = YES;
				GCC_WARN_UNINITIALIZED_AUTOS = YES_AGGRESSIVE;
				GCC_WARN_UNUSED_FUNCTION = YES;
				GCC_WARN_UNUSED_VARIABLE = YES;
				IPHONEOS_DEPLOYMENT_TARGET = 10.3;
				MTL_ENABLE_DEBUG_INFO = YES;
				ONLY_ACTIVE_ARCH = YES;
				SDKROOT = iphoneos;
				TARGETED_DEVICE_FAMILY = "1,2";
			};
			name = Debug;
		};
		8C23260F1F15588D00043466 /* Release */ = {
			isa = XCBuildConfiguration;
			buildSettings = {
				ALWAYS_SEARCH_USER_PATHS = NO;
				CLANG_ANALYZER_NONNULL = YES;
				CLANG_ANALYZER_NUMBER_OBJECT_CONVERSION = YES_AGGRESSIVE;
				CLANG_CXX_LANGUAGE_STANDARD = "gnu++0x";
				CLANG_CXX_LIBRARY = "libc++";
				CLANG_ENABLE_MODULES = YES;
				CLANG_ENABLE_OBJC_ARC = YES;
				CLANG_WARN_BOOL_CONVERSION = YES;
				CLANG_WARN_CONSTANT_CONVERSION = YES;
				CLANG_WARN_DIRECT_OBJC_ISA_USAGE = YES_ERROR;
				CLANG_WARN_DOCUMENTATION_COMMENTS = YES;
				CLANG_WARN_EMPTY_BODY = YES;
				CLANG_WARN_ENUM_CONVERSION = YES;
				CLANG_WARN_INFINITE_RECURSION = YES;
				CLANG_WARN_INT_CONVERSION = YES;
				CLANG_WARN_OBJC_ROOT_CLASS = YES_ERROR;
				CLANG_WARN_SUSPICIOUS_MOVE = YES;
				CLANG_WARN_UNREACHABLE_CODE = YES;
				CLANG_WARN__DUPLICATE_METHOD_MATCH = YES;
				"CODE_SIGN_IDENTITY[sdk=iphoneos*]" = "iPhone Developer";
				COPY_PHASE_STRIP = NO;
				DEBUG_INFORMATION_FORMAT = "dwarf-with-dsym";
				ENABLE_NS_ASSERTIONS = NO;
				ENABLE_STRICT_OBJC_MSGSEND = YES;
				GCC_C_LANGUAGE_STANDARD = gnu99;
				GCC_NO_COMMON_BLOCKS = YES;
				GCC_WARN_64_TO_32_BIT_CONVERSION = YES;
				GCC_WARN_ABOUT_RETURN_TYPE = YES_ERROR;
				GCC_WARN_UNDECLARED_SELECTOR = YES;
				GCC_WARN_UNINITIALIZED_AUTOS = YES_AGGRESSIVE;
				GCC_WARN_UNUSED_FUNCTION = YES;
				GCC_WARN_UNUSED_VARIABLE = YES;
				IPHONEOS_DEPLOYMENT_TARGET = 10.3;
				MTL_ENABLE_DEBUG_INFO = NO;
				SDKROOT = iphoneos;
				TARGETED_DEVICE_FAMILY = "1,2";
				VALIDATE_PRODUCT = YES;
			};
			name = Release;
		};
		8C2326111F15588D00043466 /* Debug */ = {
			isa = XCBuildConfiguration;
			buildSettings = {
				ASSETCATALOG_COMPILER_APPICON_NAME = AppIcon;
				INFOPLIST_FILE = PeerReview10/Info.plist;
				LD_RUNPATH_SEARCH_PATHS = "$(inherited) @executable_path/Frameworks";
				PRODUCT_BUNDLE_IDENTIFIER = Ananta.PeerReview10;
				PRODUCT_NAME = "$(TARGET_NAME)";
			};
			name = Debug;
		};
		8C2326121F15588D00043466 /* Release */ = {
			isa = XCBuildConfiguration;
			buildSettings = {
				ASSETCATALOG_COMPILER_APPICON_NAME = AppIcon;
				INFOPLIST_FILE = PeerReview10/Info.plist;
				LD_RUNPATH_SEARCH_PATHS = "$(inherited) @executable_path/Frameworks";
				PRODUCT_BUNDLE_IDENTIFIER = Ananta.PeerReview10;
				PRODUCT_NAME = "$(TARGET_NAME)";
			};
			name = Release;
		};
		8C2326141F15588D00043466 /* Debug */ = {
			isa = XCBuildConfiguration;
			buildSettings = {
				BUNDLE_LOADER = "$(TEST_HOST)";
				INFOPLIST_FILE = PeerReview10Tests/Info.plist;
				LD_RUNPATH_SEARCH_PATHS = "$(inherited) @executable_path/Frameworks @loader_path/Frameworks";
				PRODUCT_BUNDLE_IDENTIFIER = Ananta.PeerReview10Tests;
				PRODUCT_NAME = "$(TARGET_NAME)";
				TEST_HOST = "$(BUILT_PRODUCTS_DIR)/PeerReview10.app/PeerReview10";
			};
			name = Debug;
		};
		8C2326151F15588D00043466 /* Release */ = {
			isa = XCBuildConfiguration;
			buildSettings = {
				BUNDLE_LOADER = "$(TEST_HOST)";
				INFOPLIST_FILE = PeerReview10Tests/Info.plist;
				LD_RUNPATH_SEARCH_PATHS = "$(inherited) @executable_path/Frameworks @loader_path/Frameworks";
				PRODUCT_BUNDLE_IDENTIFIER = Ananta.PeerReview10Tests;
				PRODUCT_NAME = "$(TARGET_NAME)";
				TEST_HOST = "$(BUILT_PRODUCTS_DIR)/PeerReview10.app/PeerReview10";
			};
			name = Release;
		};
		8C2326171F15588D00043466 /* Debug */ = {
			isa = XCBuildConfiguration;
			buildSettings = {
				INFOPLIST_FILE = PeerReview10UITests/Info.plist;
				LD_RUNPATH_SEARCH_PATHS = "$(inherited) @executable_path/Frameworks @loader_path/Frameworks";
				PRODUCT_BUNDLE_IDENTIFIER = Ananta.PeerReview10UITests;
				PRODUCT_NAME = "$(TARGET_NAME)";
				TEST_TARGET_NAME = PeerReview10;
			};
			name = Debug;
		};
		8C2326181F15588D00043466 /* Release */ = {
			isa = XCBuildConfiguration;
			buildSettings = {
				INFOPLIST_FILE = PeerReview10UITests/Info.plist;
				LD_RUNPATH_SEARCH_PATHS = "$(inherited) @executable_path/Frameworks @loader_path/Frameworks";
				PRODUCT_BUNDLE_IDENTIFIER = Ananta.PeerReview10UITests;
				PRODUCT_NAME = "$(TARGET_NAME)";
				TEST_TARGET_NAME = PeerReview10;
			};
			name = Release;
		};
/* End XCBuildConfiguration section */

/* Begin XCConfigurationList section */
		8C2325DE1F15588C00043466 /* Build configuration list for PBXProject "PeerReview10" */ = {
			isa = XCConfigurationList;
			buildConfigurations = (
				8C23260E1F15588D00043466 /* Debug */,
				8C23260F1F15588D00043466 /* Release */,
			);
			defaultConfigurationIsVisible = 0;
			defaultConfigurationName = Release;
		};
		8C2326101F15588D00043466 /* Build configuration list for PBXNativeTarget "PeerReview10" */ = {
			isa = XCConfigurationList;
			buildConfigurations = (
				8C2326111F15588D00043466 /* Debug */,
				8C2326121F15588D00043466 /* Release */,
			);
			defaultConfigurationIsVisible = 0;
		};
		8C2326131F15588D00043466 /* Build configuration list for PBXNativeTarget "PeerReview10Tests" */ = {
			isa = XCConfigurationList;
			buildConfigurations = (
				8C2326141F15588D00043466 /* Debug */,
				8C2326151F15588D00043466 /* Release */,
			);
			defaultConfigurationIsVisible = 0;
		};
		8C2326161F15588D00043466 /* Build configuration list for PBXNativeTarget "PeerReview10UITests" */ = {
			isa = XCConfigurationList;
			buildConfigurations = (
				8C2326171F15588D00043466 /* Debug */,
				8C2326181F15588D00043466 /* Release */,
			);
			defaultConfigurationIsVisible = 0;
		};
/* End XCConfigurationList section */
	};
	rootObject = 8C2325DB1F15588C00043466 /* Project object */;
}
